
Microsoft Visual Studio Solution File, Format Version 12.00
# Visual Studio Version 17
VisualStudioVersion = 17.11.35222.181
MinimumVisualStudioVersion = 10.0.40219.1
Project("{2150E333-8FDC-42A3-9474-1A3956D46DE8}") = ".github", ".github", "{4E753E1F-37FD-445D-A0BD-5F04DC67F01F}"
EndProject
Project("{2150E333-8FDC-42A3-9474-1A3956D46DE8}") = "workflows", "workflows", "{476A267C-C860-44D1-8466-3E9DB6B9D331}"
	ProjectSection(SolutionItems) = preProject
		.yml = .yml
	EndProjectSection
EndProject
Project("{9A19103F-16F7-4668-BE54-9A1E7A4F7556}") = "WebApp.Server", "WebApp.Server\WebApp.Server.csproj", "{9B9428CF-D8A7-43F6-BA9B-384D43289EC0}"
EndProject
Project("{9A19103F-16F7-4668-BE54-9A1E7A4F7556}") = "WebApp.Client", "WebApp.Client\WebApp.Client.csproj", "{1B0260D1-901C-4C8E-80D8-617DACA89AB5}"
EndProject
Project("{FAE04EC0-301F-11D3-BF4B-00C04F79EFBC}") = "WebApp.Domain", "WebApp.Domain\WebApp.Domain.csproj", "{1DE9F2DF-E1D9-4913-B61B-77D7E047B326}"
EndProject
Project("{FAE04EC0-301F-11D3-BF4B-00C04F79EFBC}") = "WebApp.Repository", "WebApp.Repository\WebApp.Repository.csproj", "{5EAE9C3A-6FC1-40AC-8D5B-C093206605E8}"
EndProject
Project("{FAE04EC0-301F-11D3-BF4B-00C04F79EFBC}") = "WebApp.Service", "WebApp.Service\WebApp.Service.csproj", "{44FFEB90-DAB5-4E7D-9400-5E3F0CBAF6ED}"
EndProject
Global
	GlobalSection(SolutionConfigurationPlatforms) = preSolution
		Debug|Any CPU = Debug|Any CPU
		Release|Any CPU = Release|Any CPU
	EndGlobalSection
	GlobalSection(ProjectConfigurationPlatforms) = postSolution
		{9B9428CF-D8A7-43F6-BA9B-384D43289EC0}.Debug|Any CPU.ActiveCfg = Debug|Any CPU
		{9B9428CF-D8A7-43F6-BA9B-384D43289EC0}.Debug|Any CPU.Build.0 = Debug|Any CPU
		{9B9428CF-D8A7-43F6-BA9B-384D43289EC0}.Release|Any CPU.ActiveCfg = Release|Any CPU
		{9B9428CF-D8A7-43F6-BA9B-384D43289EC0}.Release|Any CPU.Build.0 = Release|Any CPU
		{1B0260D1-901C-4C8E-80D8-617DACA89AB5}.Debug|Any CPU.ActiveCfg = Debug|Any CPU
		{1B0260D1-901C-4C8E-80D8-617DACA89AB5}.Debug|Any CPU.Build.0 = Debug|Any CPU
		{1B0260D1-901C-4C8E-80D8-617DACA89AB5}.Release|Any CPU.ActiveCfg = Release|Any CPU
		{1B0260D1-901C-4C8E-80D8-617DACA89AB5}.Release|Any CPU.Build.0 = Release|Any CPU
		{1DE9F2DF-E1D9-4913-B61B-77D7E047B326}.Debug|Any CPU.ActiveCfg = Debug|Any CPU
		{1DE9F2DF-E1D9-4913-B61B-77D7E047B326}.Debug|Any CPU.Build.0 = Debug|Any CPU
		{1DE9F2DF-E1D9-4913-B61B-77D7E047B326}.Release|Any CPU.ActiveCfg = Release|Any CPU
		{1DE9F2DF-E1D9-4913-B61B-77D7E047B326}.Release|Any CPU.Build.0 = Release|Any CPU
		{5EAE9C3A-6FC1-40AC-8D5B-C093206605E8}.Debug|Any CPU.ActiveCfg = Debug|Any CPU
		{5EAE9C3A-6FC1-40AC-8D5B-C093206605E8}.Debug|Any CPU.Build.0 = Debug|Any CPU
		{5EAE9C3A-6FC1-40AC-8D5B-C093206605E8}.Release|Any CPU.ActiveCfg = Release|Any CPU
		{5EAE9C3A-6FC1-40AC-8D5B-C093206605E8}.Release|Any CPU.Build.0 = Release|Any CPU
		{44FFEB90-DAB5-4E7D-9400-5E3F0CBAF6ED}.Debug|Any CPU.ActiveCfg = Debug|Any CPU
		{44FFEB90-DAB5-4E7D-9400-5E3F0CBAF6ED}.Debug|Any CPU.Build.0 = Debug|Any CPU
		{44FFEB90-DAB5-4E7D-9400-5E3F0CBAF6ED}.Release|Any CPU.ActiveCfg = Release|Any CPU
		{44FFEB90-DAB5-4E7D-9400-5E3F0CBAF6ED}.Release|Any CPU.Build.0 = Release|Any CPU
	EndGlobalSection
	GlobalSection(SolutionProperties) = preSolution
		HideSolutionNode = FALSE
	EndGlobalSection
	GlobalSection(NestedProjects) = preSolution
		{476A267C-C860-44D1-8466-3E9DB6B9D331} = {4E753E1F-37FD-445D-A0BD-5F04DC67F01F}
	EndGlobalSection
	GlobalSection(ExtensibilityGlobals) = postSolution
		SolutionGuid = {EFA363F5-C138-4F02-9D37-9A6D60C3DC65}
	EndGlobalSection
EndGlobal
